
Microsoft Visual Studio Solution File, Format Version 12.00
# Visual Studio Version 16
VisualStudioVersion = 16.0.31702.278
MinimumVisualStudioVersion = 10.0.40219.1
Project("{FAE04EC0-301F-11D3-BF4B-00C04F79EFBC}") = "Ahorcado", "Ahorcado.csproj", "{CAE5222C-4DE8-45F4-9DF3-FA820D744549}"
EndProject
Global
	GlobalSection(SolutionConfigurationPlatforms) = preSolution
		Debug|Any CPU = Debug|Any CPU
		Release|Any CPU = Release|Any CPU
	EndGlobalSection
	GlobalSection(ProjectConfigurationPlatforms) = postSolution
		{CAE5222C-4DE8-45F4-9DF3-FA820D744549}.Debug|Any CPU.ActiveCfg = Debug|Any CPU
		{CAE5222C-4DE8-45F4-9DF3-FA820D744549}.Debug|Any CPU.Build.0 = Debug|Any CPU
		{CAE5222C-4DE8-45F4-9DF3-FA820D744549}.Release|Any CPU.ActiveCfg = Release|Any CPU
		{CAE5222C-4DE8-45F4-9DF3-FA820D744549}.Release|Any CPU.Build.0 = Release|Any CPU
	EndGlobalSection
	GlobalSection(SolutionProperties) = preSolution
		HideSolutionNode = FALSE
	EndGlobalSection
	GlobalSection(ExtensibilityGlobals) = postSolution
		SolutionGuid = {EBE2BDA0-DD11-4A59-B743-761BD8078CBE}
	EndGlobalSection
EndGlobal
